
Microsoft Visual Studio Solution File, Format Version 12.00
# Visual Studio Version 16
VisualStudioVersion = 16.0.29403.142
MinimumVisualStudioVersion = 10.0.40219.1
Project("{8BC9CEB8-8B4A-11D0-8D11-00A0C91BC942}") = "skinchanger.cc", "skinchanger.cc\skinchanger.cc.vcxproj", "{4D7574D7-2F17-4843-99C8-BDD599598AA7}"
EndProject
Project("{FAE04EC0-301F-11D3-BF4B-00C04F79EFBC}") = "skinchanger_loader", "skinchanger_loader\skinchanger_loader.csproj", "{B44E5486-DF63-4F4C-9ED8-869B9250CDC6}"
EndProject
Global
	GlobalSection(SolutionConfigurationPlatforms) = preSolution
		Debug|Any CPU = Debug|Any CPU
		Debug|x64 = Debug|x64
		Debug|x86 = Debug|x86
		Release_DBG|Any CPU = Release_DBG|Any CPU
		Release_DBG|x64 = Release_DBG|x64
		Release_DBG|x86 = Release_DBG|x86
		Release|Any CPU = Release|Any CPU
		Release|x64 = Release|x64
		Release|x86 = Release|x86
	EndGlobalSection
	GlobalSection(ProjectConfigurationPlatforms) = postSolution
		{4D7574D7-2F17-4843-99C8-BDD599598AA7}.Debug|Any CPU.ActiveCfg = Debug|Win32
		{4D7574D7-2F17-4843-99C8-BDD599598AA7}.Debug|x64.ActiveCfg = Debug|x64
		{4D7574D7-2F17-4843-99C8-BDD599598AA7}.Debug|x64.Build.0 = Debug|x64
		{4D7574D7-2F17-4843-99C8-BDD599598AA7}.Debug|x86.ActiveCfg = Debug|Win32
		{4D7574D7-2F17-4843-99C8-BDD599598AA7}.Debug|x86.Build.0 = Debug|Win32
		{4D7574D7-2F17-4843-99C8-BDD599598AA7}.Release_DBG|Any CPU.ActiveCfg = Release_DBG|Win32
		{4D7574D7-2F17-4843-99C8-BDD599598AA7}.Release_DBG|Any CPU.Build.0 = Release_DBG|Win32
		{4D7574D7-2F17-4843-99C8-BDD599598AA7}.Release_DBG|x64.ActiveCfg = Release_DBG|x64
		{4D7574D7-2F17-4843-99C8-BDD599598AA7}.Release_DBG|x86.ActiveCfg = Release_DBG|Win32
		{4D7574D7-2F17-4843-99C8-BDD599598AA7}.Release|Any CPU.ActiveCfg = Release|Win32
		{4D7574D7-2F17-4843-99C8-BDD599598AA7}.Release|Any CPU.Build.0 = Release|Win32
		{4D7574D7-2F17-4843-99C8-BDD599598AA7}.Release|x64.ActiveCfg = Release|x64
		{4D7574D7-2F17-4843-99C8-BDD599598AA7}.Release|x64.Build.0 = Release|x64
		{4D7574D7-2F17-4843-99C8-BDD599598AA7}.Release|x86.ActiveCfg = Release|Win32
		{4D7574D7-2F17-4843-99C8-BDD599598AA7}.Release|x86.Build.0 = Release|Win32
		{B44E5486-DF63-4F4C-9ED8-869B9250CDC6}.Debug|Any CPU.ActiveCfg = Debug|Any CPU
		{B44E5486-DF63-4F4C-9ED8-869B9250CDC6}.Debug|Any CPU.Build.0 = Debug|Any CPU
		{B44E5486-DF63-4F4C-9ED8-869B9250CDC6}.Debug|x64.ActiveCfg = Debug|Any CPU
		{B44E5486-DF63-4F4C-9ED8-869B9250CDC6}.Debug|x64.Build.0 = Debug|Any CPU
		{B44E5486-DF63-4F4C-9ED8-869B9250CDC6}.Debug|x86.ActiveCfg = Debug|Any CPU
		{B44E5486-DF63-4F4C-9ED8-869B9250CDC6}.Debug|x86.Build.0 = Debug|Any CPU
		{B44E5486-DF63-4F4C-9ED8-869B9250CDC6}.Release_DBG|Any CPU.ActiveCfg = Release_DBG|Any CPU
		{B44E5486-DF63-4F4C-9ED8-869B9250CDC6}.Release_DBG|x64.ActiveCfg = Release_DBG|Any CPU
		{B44E5486-DF63-4F4C-9ED8-869B9250CDC6}.Release_DBG|x64.Build.0 = Release_DBG|Any CPU
		{B44E5486-DF63-4F4C-9ED8-869B9250CDC6}.Release_DBG|x86.ActiveCfg = Release_DBG|Any CPU
		{B44E5486-DF63-4F4C-9ED8-869B9250CDC6}.Release_DBG|x86.Build.0 = Release_DBG|Any CPU
		{B44E5486-DF63-4F4C-9ED8-869B9250CDC6}.Release|Any CPU.ActiveCfg = Release|Any CPU
		{B44E5486-DF63-4F4C-9ED8-869B9250CDC6}.Release|Any CPU.Build.0 = Release|Any CPU
		{B44E5486-DF63-4F4C-9ED8-869B9250CDC6}.Release|x64.ActiveCfg = Release|Any CPU
		{B44E5486-DF63-4F4C-9ED8-869B9250CDC6}.Release|x64.Build.0 = Release|Any CPU
		{B44E5486-DF63-4F4C-9ED8-869B9250CDC6}.Release|x86.ActiveCfg = Release|Any CPU
		{B44E5486-DF63-4F4C-9ED8-869B9250CDC6}.Release|x86.Build.0 = Release|Any CPU
	EndGlobalSection
	GlobalSection(SolutionProperties) = preSolution
		HideSolutionNode = FALSE
	EndGlobalSection
	GlobalSection(ExtensibilityGlobals) = postSolution
		SolutionGuid = {FF072861-6935-46F6-A6AF-2ECCB8CEA745}
	EndGlobalSection
EndGlobal
